// !$*UTF8*$!
{
	archiveVersion = 1;
	classes = {
	};
	objectVersion = 56;
	objects = {

/* Begin PBXBuildFile section */
		11152EA12F45017800DF271E /* DcDataAccess.framework in Frameworks */ = {isa = PBXBuildFile; fileRef = 11152EA02F45017800DF271E /* DcDataAccess.framework */; };
		11152EA32F45018A00DF271E /* libsqlite3.tbd in Frameworks */ = {isa = PBXBuildFile; fileRef = 11152EA22F45018900DF271E /* libsqlite3.tbd */; };
		114E60142F421B1700A7770F /* AppDelegate.swift in Sources */ = {isa = PBXBuildFile; fileRef = 114E60132F421B1700A7770F /* AppDelegate.swift */; };
		114E601D2F421B1900A7770F /* Assets.xcassets in Resources */ = {isa = PBXBuildFile; fileRef = 114E601C2F421B1900A7770F /* Assets.xcassets */; };
		114E60202F421B1900A7770F /* Base in Resources */ = {isa = PBXBuildFile; fileRef = 114E601F2F421B1900A7770F /* Base */; };
		114E60952F423FDD00A7770F /* EditorMonedaBinder.swift in Sources */ = {isa = PBXBuildFile; fileRef = 114E60942F423FDD00A7770F /* EditorMonedaBinder.swift */; };
		11B72BA92F4268ED00FDA36A /* libFinexaCommonApple.a in Frameworks */ = {isa = PBXBuildFile; fileRef = 11B72BA82F4268ED00FDA36A /* libFinexaCommonApple.a */; };
		11B72BAB2F4268ED00FDA36A /* libFinexaViewsIos.a in Frameworks */ = {isa = PBXBuildFile; fileRef = 11B72BAA2F4268ED00FDA36A /* libFinexaViewsIos.a */; };
		11B72BAC2F4268F800FDA36A /* DcBindingsIos.framework in Frameworks */ = {isa = PBXBuildFile; fileRef = 11B72BA22F4268ED00FDA36A /* DcBindingsIos.framework */; };
		11B72BAD2F4268F800FDA36A /* DcBindingsIos.framework in Embed Frameworks */ = {isa = PBXBuildFile; fileRef = 11B72BA22F4268ED00FDA36A /* DcBindingsIos.framework */; settings = {ATTRIBUTES = (CodeSignOnCopy, RemoveHeadersOnCopy, ); }; };
		11B72BAF2F4268FA00FDA36A /* DcViewModels.framework in Frameworks */ = {isa = PBXBuildFile; fileRef = 11B72BA42F4268ED00FDA36A /* DcViewModels.framework */; };
		11B72BB02F4268FA00FDA36A /* DcViewModels.framework in Embed Frameworks */ = {isa = PBXBuildFile; fileRef = 11B72BA42F4268ED00FDA36A /* DcViewModels.framework */; settings = {ATTRIBUTES = (CodeSignOnCopy, RemoveHeadersOnCopy, ); }; };
		11B72BB12F4268FC00FDA36A /* DcViewsIos.framework in Frameworks */ = {isa = PBXBuildFile; fileRef = 11B72BA62F4268ED00FDA36A /* DcViewsIos.framework */; };
		11B72BB22F4268FC00FDA36A /* DcViewsIos.framework in Embed Frameworks */ = {isa = PBXBuildFile; fileRef = 11B72BA62F4268ED00FDA36A /* DcViewsIos.framework */; settings = {ATTRIBUTES = (CodeSignOnCopy, RemoveHeadersOnCopy, ); }; };
		11B72BB42F426A3200FDA36A /* MonedasAppBinder.swift in Sources */ = {isa = PBXBuildFile; fileRef = 11B72BB32F426A3200FDA36A /* MonedasAppBinder.swift */; };
		11B72BC82F42959200FDA36A /* TasasAppBinder.swift in Sources */ = {isa = PBXBuildFile; fileRef = 11B72BC62F42959100FDA36A /* TasasAppBinder.swift */; };
		11B72BC92F42959200FDA36A /* EditorTasasAppBinder.swift in Sources */ = {isa = PBXBuildFile; fileRef = 11B72BC72F42959100FDA36A /* EditorTasasAppBinder.swift */; };
		11B72BDA2F42B20A00FDA36A /* OperacionesAppBinder.swift in Sources */ = {isa = PBXBuildFile; fileRef = 11B72BD82F42B20A00FDA36A /* OperacionesAppBinder.swift */; };
		11B72BDB2F42B20A00FDA36A /* EditorOperacionesAppBinder.swift in Sources */ = {isa = PBXBuildFile; fileRef = 11B72BD92F42B20A00FDA36A /* EditorOperacionesAppBinder.swift */; };
/* End PBXBuildFile section */

/* Begin PBXCopyFilesBuildPhase section */
		11B72BAE2F4268F800FDA36A /* Embed Frameworks */ = {
			isa = PBXCopyFilesBuildPhase;
			buildActionMask = 2147483647;
			dstPath = "";
			dstSubfolderSpec = 10;
			files = (
				11B72BB22F4268FC00FDA36A /* DcViewsIos.framework in Embed Frameworks */,
				11B72BB02F4268FA00FDA36A /* DcViewModels.framework in Embed Frameworks */,
				11B72BAD2F4268F800FDA36A /* DcBindingsIos.framework in Embed Frameworks */,
			);
			name = "Embed Frameworks";
			runOnlyForDeploymentPostprocessing = 0;
		};
/* End PBXCopyFilesBuildPhase section */

/* Begin PBXFileReference section */
		11152EA02F45017800DF271E /* DcDataAccess.framework */ = {isa = PBXFileReference; explicitFileType = wrapper.framework; path = DcDataAccess.framework; sourceTree = BUILT_PRODUCTS_DIR; };
		11152EA22F45018900DF271E /* libsqlite3.tbd */ = {isa = PBXFileReference; lastKnownFileType = "sourcecode.text-based-dylib-definition"; name = libsqlite3.tbd; path = usr/lib/libsqlite3.tbd; sourceTree = SDKROOT; };
		114E60102F421B1700A7770F /* Finexa.ios.app */ = {isa = PBXFileReference; explicitFileType = wrapper.application; includeInIndex = 0; path = Finexa.ios.app; sourceTree = BUILT_PRODUCTS_DIR; };
		114E60132F421B1700A7770F /* AppDelegate.swift */ = {isa = PBXFileReference; lastKnownFileType = sourcecode.swift; path = AppDelegate.swift; sourceTree = "<group>"; };
		114E601C2F421B1900A7770F /* Assets.xcassets */ = {isa = PBXFileReference; lastKnownFileType = folder.assetcatalog; path = Assets.xcassets; sourceTree = "<group>"; };
		114E601F2F421B1900A7770F /* Base */ = {isa = PBXFileReference; lastKnownFileType = file.storyboard; name = Base; path = Base.lproj/LaunchScreen.storyboard; sourceTree = "<group>"; };
		114E60212F421B1900A7770F /* Info.plist */ = {isa = PBXFileReference; lastKnownFileType = text.plist.xml; path = Info.plist; sourceTree = "<group>"; };
		114E60942F423FDD00A7770F /* EditorMonedaBinder.swift */ = {isa = PBXFileReference; fileEncoding = 4; lastKnownFileType = sourcecode.swift; path = EditorMonedaBinder.swift; sourceTree = "<group>"; };
		11B72BA22F4268ED00FDA36A /* DcBindingsIos.framework */ = {isa = PBXFileReference; explicitFileType = wrapper.framework; path = DcBindingsIos.framework; sourceTree = BUILT_PRODUCTS_DIR; };
		11B72BA42F4268ED00FDA36A /* DcViewModels.framework */ = {isa = PBXFileReference; explicitFileType = wrapper.framework; path = DcViewModels.framework; sourceTree = BUILT_PRODUCTS_DIR; };
		11B72BA62F4268ED00FDA36A /* DcViewsIos.framework */ = {isa = PBXFileReference; explicitFileType = wrapper.framework; path = DcViewsIos.framework; sourceTree = BUILT_PRODUCTS_DIR; };
		11B72BA82F4268ED00FDA36A /* libFinexaCommonApple.a */ = {isa = PBXFileReference; explicitFileType = archive.ar; path = libFinexaCommonApple.a; sourceTree = BUILT_PRODUCTS_DIR; };
		11B72BAA2F4268ED00FDA36A /* libFinexaViewsIos.a */ = {isa = PBXFileReference; explicitFileType = archive.ar; path = libFinexaViewsIos.a; sourceTree = BUILT_PRODUCTS_DIR; };
		11B72BB32F426A3200FDA36A /* MonedasAppBinder.swift */ = {isa = PBXFileReference; fileEncoding = 4; lastKnownFileType = sourcecode.swift; path = MonedasAppBinder.swift; sourceTree = "<group>"; };
		11B72BB52F426A3200FDA36A /* Finexa-Bridging-Header.h */ = {isa = PBXFileReference; lastKnownFileType = sourcecode.c.h; path = "Finexa-Bridging-Header.h"; sourceTree = "<group>"; };
		11B72BC62F42959100FDA36A /* TasasAppBinder.swift */ = {isa = PBXFileReference; fileEncoding = 4; lastKnownFileType = sourcecode.swift; path = TasasAppBinder.swift; sourceTree = "<group>"; };
		11B72BC72F42959100FDA36A /* EditorTasasAppBinder.swift */ = {isa = PBXFileReference; fileEncoding = 4; lastKnownFileType = sourcecode.swift; path = EditorTasasAppBinder.swift; sourceTree = "<group>"; };
		11B72BD82F42B20A00FDA36A /* OperacionesAppBinder.swift */ = {isa = PBXFileReference; fileEncoding = 4; lastKnownFileType = sourcecode.swift; path = OperacionesAppBinder.swift; sourceTree = "<group>"; };
		11B72BD92F42B20A00FDA36A /* EditorOperacionesAppBinder.swift */ = {isa = PBXFileReference; fileEncoding = 4; lastKnownFileType = sourcecode.swift; path = EditorOperacionesAppBinder.swift; sourceTree = "<group>"; };
/* End PBXFileReference section */

/* Begin PBXFrameworksBuildPhase section */
		114E600D2F421B1700A7770F /* Frameworks */ = {
			isa = PBXFrameworksBuildPhase;
			buildActionMask = 2147483647;
			files = (
				11152EA32F45018A00DF271E /* libsqlite3.tbd in Frameworks */,
				11152EA12F45017800DF271E /* DcDataAccess.framework in Frameworks */,
				11B72BAF2F4268FA00FDA36A /* DcViewModels.framework in Frameworks */,
				11B72BB12F4268FC00FDA36A /* DcViewsIos.framework in Frameworks */,
				11B72BAC2F4268F800FDA36A /* DcBindingsIos.framework in Frameworks */,
				11B72BA92F4268ED00FDA36A /* libFinexaCommonApple.a in Frameworks */,
				11B72BAB2F4268ED00FDA36A /* libFinexaViewsIos.a in Frameworks */,
			);
			runOnlyForDeploymentPostprocessing = 0;
		};
/* End PBXFrameworksBuildPhase section */

/* Begin PBXGroup section */
		114E60072F421B1600A7770F = {
			isa = PBXGroup;
			children = (
				114E602D2F421F3800A7770F /* Source */,
				114E60132F421B1700A7770F /* AppDelegate.swift */,
				114E601C2F421B1900A7770F /* Assets.xcassets */,
				114E601E2F421B1900A7770F /* LaunchScreen.storyboard */,
				114E60212F421B1900A7770F /* Info.plist */,
				114E60112F421B1700A7770F /* Products */,
				11B72BA12F4268ED00FDA36A /* Frameworks */,
				11B72BB52F426A3200FDA36A /* Finexa-Bridging-Header.h */,
			);
			sourceTree = "<group>";
		};
		114E60112F421B1700A7770F /* Products */ = {
			isa = PBXGroup;
			children = (
				114E60102F421B1700A7770F /* Finexa.ios.app */,
			);
			name = Products;
			sourceTree = "<group>";
		};
		114E602D2F421F3800A7770F /* Source */ = {
			isa = PBXGroup;
			children = (
				11B72BD92F42B20A00FDA36A /* EditorOperacionesAppBinder.swift */,
				11B72BD82F42B20A00FDA36A /* OperacionesAppBinder.swift */,
				11B72BC72F42959100FDA36A /* EditorTasasAppBinder.swift */,
				11B72BC62F42959100FDA36A /* TasasAppBinder.swift */,
				11B72BB32F426A3200FDA36A /* MonedasAppBinder.swift */,
				114E60942F423FDD00A7770F /* EditorMonedaBinder.swift */,
			);
			path = Source;
			sourceTree = "<group>";
		};
		11B72BA12F4268ED00FDA36A /* Frameworks */ = {
			isa = PBXGroup;
			children = (
				11152EA22F45018900DF271E /* libsqlite3.tbd */,
				11152EA02F45017800DF271E /* DcDataAccess.framework */,
				11B72BA22F4268ED00FDA36A /* DcBindingsIos.framework */,
				11B72BA42F4268ED00FDA36A /* DcViewModels.framework */,
				11B72BA62F4268ED00FDA36A /* DcViewsIos.framework */,
				11B72BA82F4268ED00FDA36A /* libFinexaCommonApple.a */,
				11B72BAA2F4268ED00FDA36A /* libFinexaViewsIos.a */,
			);
			name = Frameworks;
			sourceTree = "<group>";
		};
/* End PBXGroup section */

/* Begin PBXNativeTarget section */
		114E600F2F421B1700A7770F /* Finexa.ios */ = {
			isa = PBXNativeTarget;
			buildConfigurationList = 114E60242F421B1900A7770F /* Build configuration list for PBXNativeTarget "Finexa.ios" */;
			buildPhases = (
				114E600C2F421B1700A7770F /* Sources */,
				114E600D2F421B1700A7770F /* Frameworks */,
				114E600E2F421B1700A7770F /* Resources */,
				11B72BAE2F4268F800FDA36A /* Embed Frameworks */,
			);
			buildRules = (
			);
			dependencies = (
			);
			name = Finexa.ios;
			productName = Finexa.ios;
			productReference = 114E60102F421B1700A7770F /* Finexa.ios.app */;
			productType = "com.apple.product-type.application";
		};
/* End PBXNativeTarget section */

/* Begin PBXProject section */
		114E60082F421B1600A7770F /* Project object */ = {
			isa = PBXProject;
			attributes = {
				BuildIndependentTargetsInParallel = 1;
				LastSwiftUpdateCheck = 1540;
				LastUpgradeCheck = 1540;
				TargetAttributes = {
					114E600F2F421B1700A7770F = {
						CreatedOnToolsVersion = 15.4;
					};
				};
			};
			buildConfigurationList = 114E600B2F421B1600A7770F /* Build configuration list for PBXProject "Finexa.ios" */;
			compatibilityVersion = "Xcode 14.0";
			developmentRegion = en;
			hasScannedForEncodings = 0;
			knownRegions = (
				en,
				Base,
			);
			mainGroup = 114E60072F421B1600A7770F;
			productRefGroup = 114E60112F421B1700A7770F /* Products */;
			projectDirPath = "";
			projectRoot = "";
			targets = (
				114E600F2F421B1700A7770F /* Finexa.ios */,
			);
		};
/* End PBXProject section */

/* Begin PBXResourcesBuildPhase section */
		114E600E2F421B1700A7770F /* Resources */ = {
			isa = PBXResourcesBuildPhase;
			buildActionMask = 2147483647;
			files = (
				114E601D2F421B1900A7770F /* Assets.xcassets in Resources */,
				114E60202F421B1900A7770F /* Base in Resources */,
			);
			runOnlyForDeploymentPostprocessing = 0;
		};
/* End PBXResourcesBuildPhase section */

/* Begin PBXSourcesBuildPhase section */
		114E600C2F421B1700A7770F /* Sources */ = {
			isa = PBXSourcesBuildPhase;
			buildActionMask = 2147483647;
			files = (
				11B72BDB2F42B20A00FDA36A /* EditorOperacionesAppBinder.swift in Sources */,
				11B72BC92F42959200FDA36A /* EditorTasasAppBinder.swift in Sources */,
				11B72BC82F42959200FDA36A /* TasasAppBinder.swift in Sources */,
				11B72BDA2F42B20A00FDA36A /* OperacionesAppBinder.swift in Sources */,
				114E60952F423FDD00A7770F /* EditorMonedaBinder.swift in Sources */,
				114E60142F421B1700A7770F /* AppDelegate.swift in Sources */,
				11B72BB42F426A3200FDA36A /* MonedasAppBinder.swift in Sources */,
			);
			runOnlyForDeploymentPostprocessing = 0;
		};
/* End PBXSourcesBuildPhase section */

/* Begin PBXVariantGroup section */
		114E601E2F421B1900A7770F /* LaunchScreen.storyboard */ = {
			isa = PBXVariantGroup;
			children = (
				114E601F2F421B1900A7770F /* Base */,
			);
			name = LaunchScreen.storyboard;
			sourceTree = "<group>";
		};
/* End PBXVariantGroup section */

/* Begin XCBuildConfiguration section */
		114E60222F421B1900A7770F /* Debug */ = {
			isa = XCBuildConfiguration;
			buildSettings = {
				ALWAYS_SEARCH_USER_PATHS = NO;
				ASSETCATALOG_COMPILER_GENERATE_SWIFT_ASSET_SYMBOL_EXTENSIONS = YES;
				CLANG_ANALYZER_NONNULL = YES;
				CLANG_ANALYZER_NUMBER_OBJECT_CONVERSION = YES_AGGRESSIVE;
				CLANG_CXX_LANGUAGE_STANDARD = "gnu++20";
				CLANG_ENABLE_MODULES = YES;
				CLANG_ENABLE_OBJC_ARC = YES;
				CLANG_ENABLE_OBJC_WEAK = YES;
				CLANG_WARN_BLOCK_CAPTURE_AUTORELEASING = YES;
				CLANG_WARN_BOOL_CONVERSION = YES;
				CLANG_WARN_COMMA = YES;
				CLANG_WARN_CONSTANT_CONVERSION = YES;
				CLANG_WARN_DEPRECATED_OBJC_IMPLEMENTATIONS = YES;
				CLANG_WARN_DIRECT_OBJC_ISA_USAGE = YES_ERROR;
				CLANG_WARN_DOCUMENTATION_COMMENTS = YES;
				CLANG_WARN_EMPTY_BODY = YES;
				CLANG_WARN_ENUM_CONVERSION = YES;
				CLANG_WARN_INFINITE_RECURSION = YES;
				CLANG_WARN_INT_CONVERSION = YES;
				CLANG_WARN_NON_LITERAL_NULL_CONVERSION = YES;
				CLANG_WARN_OBJC_IMPLICIT_RETAIN_SELF = YES;
				CLANG_WARN_OBJC_LITERAL_CONVERSION = YES;
				CLANG_WARN_OBJC_ROOT_CLASS = YES_ERROR;
				CLANG_WARN_QUOTED_INCLUDE_IN_FRAMEWORK_HEADER = YES;
				CLANG_WARN_RANGE_LOOP_ANALYSIS = YES;
				CLANG_WARN_STRICT_PROTOTYPES = YES;
				CLANG_WARN_SUSPICIOUS_MOVE = YES;
				CLANG_WARN_UNGUARDED_AVAILABILITY = YES_AGGRESSIVE;
				CLANG_WARN_UNREACHABLE_CODE = YES;
				CLANG_WARN__DUPLICATE_METHOD_MATCH = YES;
				COPY_PHASE_STRIP = NO;
				DEBUG_INFORMATION_FORMAT = dwarf;
				ENABLE_STRICT_OBJC_MSGSEND = YES;
				ENABLE_TESTABILITY = YES;
				ENABLE_USER_SCRIPT_SANDBOXING = YES;
				GCC_C_LANGUAGE_STANDARD = gnu17;
				GCC_DYNAMIC_NO_PIC = NO;
				GCC_NO_COMMON_BLOCKS = YES;
				GCC_OPTIMIZATION_LEVEL = 0;
				GCC_PREPROCESSOR_DEFINITIONS = (
					"DEBUG=1",
					"$(inherited)",
				);
				GCC_WARN_64_TO_32_BIT_CONVERSION = YES;
				GCC_WARN_ABOUT_RETURN_TYPE = YES_ERROR;
				GCC_WARN_UNDECLARED_SELECTOR = YES;
				GCC_WARN_UNINITIALIZED_AUTOS = YES_AGGRESSIVE;
				GCC_WARN_UNUSED_FUNCTION = YES;
				GCC_WARN_UNUSED_VARIABLE = YES;
				IPHONEOS_DEPLOYMENT_TARGET = 17.5;
				LOCALIZATION_PREFERS_STRING_CATALOGS = YES;
				MTL_ENABLE_DEBUG_INFO = INCLUDE_SOURCE;
				MTL_FAST_MATH = YES;
				ONLY_ACTIVE_ARCH = YES;
				SDKROOT = iphoneos;
				SWIFT_ACTIVE_COMPILATION_CONDITIONS = "DEBUG $(inherited)";
				SWIFT_OPTIMIZATION_LEVEL = "-Onone";
			};
			name = Debug;
		};
		114E60232F421B1900A7770F /* Release */ = {
			isa = XCBuildConfiguration;
			buildSettings = {
				ALWAYS_SEARCH_USER_PATHS = NO;
				ASSETCATALOG_COMPILER_GENERATE_SWIFT_ASSET_SYMBOL_EXTENSIONS = YES;
				CLANG_ANALYZER_NONNULL = YES;
				CLANG_ANALYZER_NUMBER_OBJECT_CONVERSION = YES_AGGRESSIVE;
				CLANG_CXX_LANGUAGE_STANDARD = "gnu++20";
				CLANG_ENABLE_MODULES = YES;
				CLANG_ENABLE_OBJC_ARC = YES;
				CLANG_ENABLE_OBJC_WEAK = YES;
				CLANG_WARN_BLOCK_CAPTURE_AUTORELEASING = YES;
				CLANG_WARN_BOOL_CONVERSION = YES;
				CLANG_WARN_COMMA = YES;
				CLANG_WARN_CONSTANT_CONVERSION = YES;
				CLANG_WARN_DEPRECATED_OBJC_IMPLEMENTATIONS = YES;
				CLANG_WARN_DIRECT_OBJC_ISA_USAGE = YES_ERROR;
				CLANG_WARN_DOCUMENTATION_COMMENTS = YES;
				CLANG_WARN_EMPTY_BODY = YES;
				CLANG_WARN_ENUM_CONVERSION = YES;
				CLANG_WARN_INFINITE_RECURSION = YES;
				CLANG_WARN_INT_CONVERSION = YES;
				CLANG_WARN_NON_LITERAL_NULL_CONVERSION = YES;
				CLANG_WARN_OBJC_IMPLICIT_RETAIN_SELF = YES;
				CLANG_WARN_OBJC_LITERAL_CONVERSION = YES;
				CLANG_WARN_OBJC_ROOT_CLASS = YES_ERROR;
				CLANG_WARN_QUOTED_INCLUDE_IN_FRAMEWORK_HEADER = YES;
				CLANG_WARN_RANGE_LOOP_ANALYSIS = YES;
				CLANG_WARN_STRICT_PROTOTYPES = YES;
				CLANG_WARN_SUSPICIOUS_MOVE = YES;
				CLANG_WARN_UNGUARDED_AVAILABILITY = YES_AGGRESSIVE;
				CLANG_WARN_UNREACHABLE_CODE = YES;
				CLANG_WARN__DUPLICATE_METHOD_MATCH = YES;
				COPY_PHASE_STRIP = NO;
				DEBUG_INFORMATION_FORMAT = "dwarf-with-dsym";
				ENABLE_NS_ASSERTIONS = NO;
				ENABLE_STRICT_OBJC_MSGSEND = YES;
				ENABLE_USER_SCRIPT_SANDBOXING = YES;
				GCC_C_LANGUAGE_STANDARD = gnu17;
				GCC_NO_COMMON_BLOCKS = YES;
				GCC_WARN_64_TO_32_BIT_CONVERSION = YES;
				GCC_WARN_ABOUT_RETURN_TYPE = YES_ERROR;
				GCC_WARN_UNDECLARED_SELECTOR = YES;
				GCC_WARN_UNINITIALIZED_AUTOS = YES_AGGRESSIVE;
				GCC_WARN_UNUSED_FUNCTION = YES;
				GCC_WARN_UNUSED_VARIABLE = YES;
				IPHONEOS_DEPLOYMENT_TARGET = 17.5;
				LOCALIZATION_PREFERS_STRING_CATALOGS = YES;
				MTL_ENABLE_DEBUG_INFO = NO;
				MTL_FAST_MATH = YES;
				SDKROOT = iphoneos;
				SWIFT_COMPILATION_MODE = wholemodule;
				VALIDATE_PRODUCT = YES;
			};
			name = Release;
		};
		114E60252F421B1900A7770F /* Debug */ = {
			isa = XCBuildConfiguration;
			buildSettings = {
				ASSETCATALOG_COMPILER_APPICON_NAME = AppIcon;
				ASSETCATALOG_COMPILER_GLOBAL_ACCENT_COLOR_NAME = AccentColor;
				CODE_SIGN_STYLE = Automatic;
				CURRENT_PROJECT_VERSION = 1;
				DEVELOPMENT_TEAM = 3Q8F29C4F5;
				GENERATE_INFOPLIST_FILE = YES;
				HEADER_SEARCH_PATHS = (
					"\"$(SRCROOT)/../../Common/ViewModels/include\"",
					"\"$(SRCROOT)/../../Common/Core/include\"",
					"\"$(SRCROOT)/../../Common/Data/include\"",
					"\"$(SRCROOT)/../../../DualComponents/DcViewModels/include/common\"",
					"\"$(SRCROOT)/../../../DualComponents/DcViewModels/include/public_api/Core\"",
					"\"$(SRCROOT)/../../../DualComponents/DcViewModels/include/public_api/UI\"",
					"\"$(SRCROOT)/../../../DualComponents/DcViewModels/Compiler/apple\"",
					"\"$(SRCROOT)/../../../DualComponents/DcDataAccess/Core/include\"",
					"\"$(SRCROOT)/../../../DualComponents/DcDataAccess/Platform/SQLite/include\"",
				);
				INFOPLIST_FILE = Info.plist;
				INFOPLIST_KEY_LSApplicationCategoryType = "public.app-category.finance";
				INFOPLIST_KEY_UIApplicationSupportsIndirectInputEvents = YES;
				INFOPLIST_KEY_UILaunchStoryboardName = LaunchScreen;
				INFOPLIST_KEY_UISupportedInterfaceOrientations_iPad = "UIInterfaceOrientationPortrait UIInterfaceOrientationPortraitUpsideDown UIInterfaceOrientationLandscapeLeft UIInterfaceOrientationLandscapeRight";
				INFOPLIST_KEY_UISupportedInterfaceOrientations_iPhone = "UIInterfaceOrientationPortrait UIInterfaceOrientationLandscapeLeft UIInterfaceOrientationLandscapeRight";
				IPHONEOS_DEPLOYMENT_TARGET = 13.2;
				LD_RUNPATH_SEARCH_PATHS = (
					"$(inherited)",
					"@executable_path/Frameworks",
				);
				MARKETING_VERSION = 1.0;
				PRODUCT_BUNDLE_IDENTIFIER = dandrealuisdeveloper.Finexa;
				PRODUCT_NAME = "$(TARGET_NAME)";
				SWIFT_EMIT_LOC_STRINGS = YES;
				SWIFT_OBJC_BRIDGING_HEADER = "Finexa-Bridging-Header.h";
				SWIFT_OBJC_INTEROP_MODE = objcxx;
				SWIFT_VERSION = 5.0;
				TARGETED_DEVICE_FAMILY = "1,2";
			};
			name = Debug;
		};
		114E60262F421B1900A7770F /* Release */ = {
			isa = XCBuildConfiguration;
			buildSettings = {
				ASSETCATALOG_COMPILER_APPICON_NAME = AppIcon;
				ASSETCATALOG_COMPILER_GLOBAL_ACCENT_COLOR_NAME = AccentColor;
				CODE_SIGN_STYLE = Automatic;
				CURRENT_PROJECT_VERSION = 1;
				DEVELOPMENT_TEAM = 3Q8F29C4F5;
				GENERATE_INFOPLIST_FILE = YES;
				HEADER_SEARCH_PATHS = (
					"\"$(SRCROOT)/../../Common/ViewModels/include\"",
					"\"$(SRCROOT)/../../Common/Core/include\"",
					"\"$(SRCROOT)/../../Common/Data/include\"",
					"\"$(SRCROOT)/../../../DualComponents/DcViewModels/include/common\"",
					"\"$(SRCROOT)/../../../DualComponents/DcViewModels/include/public_api/Core\"",
					"\"$(SRCROOT)/../../../DualComponents/DcViewModels/include/public_api/UI\"",
					"\"$(SRCROOT)/../../../DualComponents/DcViewModels/Compiler/apple\"",
					"\"$(SRCROOT)/../../../DualComponents/DcDataAccess/Core/include\"",
					"\"$(SRCROOT)/../../../DualComponents/DcDataAccess/Platform/SQLite/include\"",
				);
				INFOPLIST_FILE = Info.plist;
				INFOPLIST_KEY_LSApplicationCategoryType = "public.app-category.finance";
				INFOPLIST_KEY_UIApplicationSupportsIndirectInputEvents = YES;
				INFOPLIST_KEY_UILaunchStoryboardName = LaunchScreen;
				INFOPLIST_KEY_UISupportedInterfaceOrientations_iPad = "UIInterfaceOrientationPortrait UIInterfaceOrientationPortraitUpsideDown UIInterfaceOrientationLandscapeLeft UIInterfaceOrientationLandscapeRight";
				INFOPLIST_KEY_UISupportedInterfaceOrientations_iPhone = "UIInterfaceOrientationPortrait UIInterfaceOrientationLandscapeLeft UIInterfaceOrientationLandscapeRight";
				IPHONEOS_DEPLOYMENT_TARGET = 13.2;
				LD_RUNPATH_SEARCH_PATHS = (
					"$(inherited)",
					"@executable_path/Frameworks",
				);
				MARKETING_VERSION = 1.0;
				PRODUCT_BUNDLE_IDENTIFIER = dandrealuisdeveloper.Finexa;
				PRODUCT_NAME = "$(TARGET_NAME)";
				SWIFT_EMIT_LOC_STRINGS = YES;
				SWIFT_OBJC_BRIDGING_HEADER = "Finexa-Bridging-Header.h";
				SWIFT_OBJC_INTEROP_MODE = objcxx;
				SWIFT_VERSION = 5.0;
				TARGETED_DEVICE_FAMILY = "1,2";
			};
			name = Release;
		};
/* End XCBuildConfiguration section */

/* Begin XCConfigurationList section */
		114E600B2F421B1600A7770F /* Build configuration list for PBXProject "Finexa.ios" */ = {
			isa = XCConfigurationList;
			buildConfigurations = (
				114E60222F421B1900A7770F /* Debug */,
				114E60232F421B1900A7770F /* Release */,
			);
			defaultConfigurationIsVisible = 0;
			defaultConfigurationName = Release;
		};
		114E60242F421B1900A7770F /* Build configuration list for PBXNativeTarget "Finexa.ios" */ = {
			isa = XCConfigurationList;
			buildConfigurations = (
				114E60252F421B1900A7770F /* Debug */,
				114E60262F421B1900A7770F /* Release */,
			);
			defaultConfigurationIsVisible = 0;
			defaultConfigurationName = Release;
		};
/* End XCConfigurationList section */
	};
	rootObject = 114E60082F421B1600A7770F /* Project object */;
}
