// !$*UTF8*$!
{
	archiveVersion = 1;
	classes = {
	};
	objectVersion = 56;
	objects = {

/* Begin PBXBuildFile section */
		114E60592F4229F500A7770F /* EditorMonedaController.swift in Sources */ = {isa = PBXBuildFile; fileRef = 114E60582F4229F500A7770F /* EditorMonedaController.swift */; };
		114E605D2F422A5F00A7770F /* EditorMonedaBinder.swift in Sources */ = {isa = PBXBuildFile; fileRef = 114E605C2F422A5F00A7770F /* EditorMonedaBinder.swift */; };
		114E60A12F42400000A7770F /* MonedasController.swift in Sources */ = {isa = PBXBuildFile; fileRef = 114E60A02F42400000A7770F /* MonedasController.swift */; };
		114E60A32F42400000A7770F /* MonedasBinder.swift in Sources */ = {isa = PBXBuildFile; fileRef = 114E60A22F42400000A7770F /* MonedasBinder.swift */; };
		115A03B32F46A2780011A148 /* FormBindingProtocol.swift in Sources */ = {isa = PBXBuildFile; fileRef = 115A03B22F46A2780011A148 /* FormBindingProtocol.swift */; };
		11B72BBD2F428EFF00FDA36A /* TasasController.swift in Sources */ = {isa = PBXBuildFile; fileRef = 11B72BBB2F428EFF00FDA36A /* TasasController.swift */; };
		11B72BBE2F428EFF00FDA36A /* EditorTasaController.swift in Sources */ = {isa = PBXBuildFile; fileRef = 11B72BBC2F428EFF00FDA36A /* EditorTasaController.swift */; };
		11B72BC12F428F0E00FDA36A /* TasasBinder.swift in Sources */ = {isa = PBXBuildFile; fileRef = 11B72BBF2F428F0E00FDA36A /* TasasBinder.swift */; };
		11B72BC22F428F0E00FDA36A /* EditorTasaBinder.swift in Sources */ = {isa = PBXBuildFile; fileRef = 11B72BC02F428F0E00FDA36A /* EditorTasaBinder.swift */; };
		11B72BC52F4292F700FDA36A /* DcViewsIos.framework in Frameworks */ = {isa = PBXBuildFile; fileRef = 11B72BC42F4292F700FDA36A /* DcViewsIos.framework */; };
		11B72BD22F42B1EC00FDA36A /* EditorOperacionController.swift in Sources */ = {isa = PBXBuildFile; fileRef = 11B72BD02F42B1EC00FDA36A /* EditorOperacionController.swift */; };
		11B72BD32F42B1EC00FDA36A /* OperacionesController.swift in Sources */ = {isa = PBXBuildFile; fileRef = 11B72BD12F42B1EC00FDA36A /* OperacionesController.swift */; };
		11B72BD62F42B1F500FDA36A /* EditorOperacionBinder.swift in Sources */ = {isa = PBXBuildFile; fileRef = 11B72BD42F42B1F500FDA36A /* EditorOperacionBinder.swift */; };
		11B72BD72F42B1F500FDA36A /* OperacionesBinder.swift in Sources */ = {isa = PBXBuildFile; fileRef = 11B72BD52F42B1F500FDA36A /* OperacionesBinder.swift */; };
		11E5EE5D2F45399B00C06205 /* OnboardingController.swift in Sources */ = {isa = PBXBuildFile; fileRef = 11E5EE5C2F45399B00C06205 /* OnboardingController.swift */; };
/* End PBXBuildFile section */

/* Begin PBXCopyFilesBuildPhase section */
		114E60402F42293700A7770F /* CopyFiles */ = {
			isa = PBXCopyFilesBuildPhase;
			buildActionMask = 2147483647;
			dstPath = "include/$(PRODUCT_NAME)";
			dstSubfolderSpec = 16;
			files = (
			);
			runOnlyForDeploymentPostprocessing = 0;
		};
/* End PBXCopyFilesBuildPhase section */

/* Begin PBXFileReference section */
		114E60422F42293700A7770F /* libFinexaViewsIos.a */ = {isa = PBXFileReference; explicitFileType = archive.ar; includeInIndex = 0; path = libFinexaViewsIos.a; sourceTree = BUILT_PRODUCTS_DIR; };
		114E60582F4229F500A7770F /* EditorMonedaController.swift */ = {isa = PBXFileReference; fileEncoding = 4; lastKnownFileType = sourcecode.swift; path = EditorMonedaController.swift; sourceTree = "<group>"; };
		114E605C2F422A5F00A7770F /* EditorMonedaBinder.swift */ = {isa = PBXFileReference; lastKnownFileType = sourcecode.swift; path = EditorMonedaBinder.swift; sourceTree = "<group>"; };
		114E60A02F42400000A7770F /* MonedasController.swift */ = {isa = PBXFileReference; fileEncoding = 4; lastKnownFileType = sourcecode.swift; path = MonedasController.swift; sourceTree = "<group>"; };
		114E60A22F42400000A7770F /* MonedasBinder.swift */ = {isa = PBXFileReference; fileEncoding = 4; lastKnownFileType = sourcecode.swift; path = MonedasBinder.swift; sourceTree = "<group>"; };
		115A03B22F46A2780011A148 /* FormBindingProtocol.swift */ = {isa = PBXFileReference; fileEncoding = 4; lastKnownFileType = sourcecode.swift; path = FormBindingProtocol.swift; sourceTree = "<group>"; };
		11B72BBB2F428EFF00FDA36A /* TasasController.swift */ = {isa = PBXFileReference; fileEncoding = 4; lastKnownFileType = sourcecode.swift; path = TasasController.swift; sourceTree = "<group>"; };
		11B72BBC2F428EFF00FDA36A /* EditorTasaController.swift */ = {isa = PBXFileReference; fileEncoding = 4; lastKnownFileType = sourcecode.swift; path = EditorTasaController.swift; sourceTree = "<group>"; };
		11B72BBF2F428F0E00FDA36A /* TasasBinder.swift */ = {isa = PBXFileReference; fileEncoding = 4; lastKnownFileType = sourcecode.swift; path = TasasBinder.swift; sourceTree = "<group>"; };
		11B72BC02F428F0E00FDA36A /* EditorTasaBinder.swift */ = {isa = PBXFileReference; fileEncoding = 4; lastKnownFileType = sourcecode.swift; path = EditorTasaBinder.swift; sourceTree = "<group>"; };
		11B72BC42F4292F700FDA36A /* DcViewsIos.framework */ = {isa = PBXFileReference; explicitFileType = wrapper.framework; path = DcViewsIos.framework; sourceTree = BUILT_PRODUCTS_DIR; };
		11B72BD02F42B1EC00FDA36A /* EditorOperacionController.swift */ = {isa = PBXFileReference; fileEncoding = 4; lastKnownFileType = sourcecode.swift; path = EditorOperacionController.swift; sourceTree = "<group>"; };
		11B72BD12F42B1EC00FDA36A /* OperacionesController.swift */ = {isa = PBXFileReference; fileEncoding = 4; lastKnownFileType = sourcecode.swift; path = OperacionesController.swift; sourceTree = "<group>"; };
		11B72BD42F42B1F500FDA36A /* EditorOperacionBinder.swift */ = {isa = PBXFileReference; fileEncoding = 4; lastKnownFileType = sourcecode.swift; path = EditorOperacionBinder.swift; sourceTree = "<group>"; };
		11B72BD52F42B1F500FDA36A /* OperacionesBinder.swift */ = {isa = PBXFileReference; fileEncoding = 4; lastKnownFileType = sourcecode.swift; path = OperacionesBinder.swift; sourceTree = "<group>"; };
		11E5EE5C2F45399B00C06205 /* OnboardingController.swift */ = {isa = PBXFileReference; fileEncoding = 4; lastKnownFileType = sourcecode.swift; path = OnboardingController.swift; sourceTree = "<group>"; };
/* End PBXFileReference section */

/* Begin PBXFrameworksBuildPhase section */
		114E603F2F42293700A7770F /* Frameworks */ = {
			isa = PBXFrameworksBuildPhase;
			buildActionMask = 2147483647;
			files = (
				11B72BC52F4292F700FDA36A /* DcViewsIos.framework in Frameworks */,
			);
			runOnlyForDeploymentPostprocessing = 0;
		};
/* End PBXFrameworksBuildPhase section */

/* Begin PBXGroup section */
		114E60392F42293700A7770F = {
			isa = PBXGroup;
			children = (
				1162FB432F479E9C00145638 /* Editores */,
				114E605B2F422A1500A7770F /* Controllers */,
				114E605A2F422A0100A7770F /* BindingsInterfaces */,
				114E60432F42293700A7770F /* Products */,
				11B72BC32F4292F700FDA36A /* Frameworks */,
			);
			sourceTree = "<group>";
		};
		114E60432F42293700A7770F /* Products */ = {
			isa = PBXGroup;
			children = (
				114E60422F42293700A7770F /* libFinexaViewsIos.a */,
			);
			name = Products;
			sourceTree = "<group>";
		};
		114E605A2F422A0100A7770F /* BindingsInterfaces */ = {
			isa = PBXGroup;
			children = (
				115A03B22F46A2780011A148 /* FormBindingProtocol.swift */,
				11B72BD42F42B1F500FDA36A /* EditorOperacionBinder.swift */,
				11B72BD52F42B1F500FDA36A /* OperacionesBinder.swift */,
				11B72BC02F428F0E00FDA36A /* EditorTasaBinder.swift */,
				11B72BBF2F428F0E00FDA36A /* TasasBinder.swift */,
				114E605C2F422A5F00A7770F /* EditorMonedaBinder.swift */,
				114E60A22F42400000A7770F /* MonedasBinder.swift */,
			);
			path = BindingsInterfaces;
			sourceTree = "<group>";
		};
		114E605B2F422A1500A7770F /* Controllers */ = {
			isa = PBXGroup;
			children = (
				11E5EE5C2F45399B00C06205 /* OnboardingController.swift */,
				11B72BD12F42B1EC00FDA36A /* OperacionesController.swift */,
				11B72BBB2F428EFF00FDA36A /* TasasController.swift */,
				114E60A02F42400000A7770F /* MonedasController.swift */,
			);
			path = Controllers;
			sourceTree = "<group>";
		};
		1162FB432F479E9C00145638 /* Editores */ = {
			isa = PBXGroup;
			children = (
				114E60582F4229F500A7770F /* EditorMonedaController.swift */,
				11B72BD02F42B1EC00FDA36A /* EditorOperacionController.swift */,
				11B72BBC2F428EFF00FDA36A /* EditorTasaController.swift */,
			);
			name = Editores;
			sourceTree = "<group>";
		};
		11B72BC32F4292F700FDA36A /* Frameworks */ = {
			isa = PBXGroup;
			children = (
				11B72BC42F4292F700FDA36A /* DcViewsIos.framework */,
			);
			name = Frameworks;
			sourceTree = "<group>";
		};
/* End PBXGroup section */

/* Begin PBXNativeTarget section */
		114E60412F42293700A7770F /* FinexaViewsIos */ = {
			isa = PBXNativeTarget;
			buildConfigurationList = 114E60492F42293700A7770F /* Build configuration list for PBXNativeTarget "FinexaViewsIos" */;
			buildPhases = (
				114E603E2F42293700A7770F /* Sources */,
				114E603F2F42293700A7770F /* Frameworks */,
				114E60402F42293700A7770F /* CopyFiles */,
			);
			buildRules = (
			);
			dependencies = (
			);
			name = FinexaViewsIos;
			productName = FinexaViewsIos;
			productReference = 114E60422F42293700A7770F /* libFinexaViewsIos.a */;
			productType = "com.apple.product-type.library.static";
		};
/* End PBXNativeTarget section */

/* Begin PBXProject section */
		114E603A2F42293700A7770F /* Project object */ = {
			isa = PBXProject;
			attributes = {
				BuildIndependentTargetsInParallel = 1;
				LastSwiftUpdateCheck = 1540;
				LastUpgradeCheck = 1540;
				TargetAttributes = {
					114E60412F42293700A7770F = {
						CreatedOnToolsVersion = 15.4;
						LastSwiftMigration = 1540;
					};
				};
			};
			buildConfigurationList = 114E603D2F42293700A7770F /* Build configuration list for PBXProject "FinexaViewsIos" */;
			compatibilityVersion = "Xcode 14.0";
			developmentRegion = en;
			hasScannedForEncodings = 0;
			knownRegions = (
				en,
				Base,
			);
			mainGroup = 114E60392F42293700A7770F;
			productRefGroup = 114E60432F42293700A7770F /* Products */;
			projectDirPath = "";
			projectRoot = "";
			targets = (
				114E60412F42293700A7770F /* FinexaViewsIos */,
			);
		};
/* End PBXProject section */

/* Begin PBXSourcesBuildPhase section */
		114E603E2F42293700A7770F /* Sources */ = {
			isa = PBXSourcesBuildPhase;
			buildActionMask = 2147483647;
			files = (
				11B72BD32F42B1EC00FDA36A /* OperacionesController.swift in Sources */,
				11B72BBD2F428EFF00FDA36A /* TasasController.swift in Sources */,
				11B72BD72F42B1F500FDA36A /* OperacionesBinder.swift in Sources */,
				11B72BBE2F428EFF00FDA36A /* EditorTasaController.swift in Sources */,
				114E605D2F422A5F00A7770F /* EditorMonedaBinder.swift in Sources */,
				114E60592F4229F500A7770F /* EditorMonedaController.swift in Sources */,
				11E5EE5D2F45399B00C06205 /* OnboardingController.swift in Sources */,
				114E60A12F42400000A7770F /* MonedasController.swift in Sources */,
				11B72BD62F42B1F500FDA36A /* EditorOperacionBinder.swift in Sources */,
				11B72BC22F428F0E00FDA36A /* EditorTasaBinder.swift in Sources */,
				114E60A32F42400000A7770F /* MonedasBinder.swift in Sources */,
				115A03B32F46A2780011A148 /* FormBindingProtocol.swift in Sources */,
				11B72BC12F428F0E00FDA36A /* TasasBinder.swift in Sources */,
				11B72BD22F42B1EC00FDA36A /* EditorOperacionController.swift in Sources */,
			);
			runOnlyForDeploymentPostprocessing = 0;
		};
/* End PBXSourcesBuildPhase section */

/* Begin XCBuildConfiguration section */
		114E60472F42293700A7770F /* Debug */ = {
			isa = XCBuildConfiguration;
			buildSettings = {
				ALWAYS_SEARCH_USER_PATHS = NO;
				ASSETCATALOG_COMPILER_GENERATE_SWIFT_ASSET_SYMBOL_EXTENSIONS = YES;
				CLANG_ANALYZER_NONNULL = YES;
				CLANG_ANALYZER_NUMBER_OBJECT_CONVERSION = YES_AGGRESSIVE;
				CLANG_CXX_LANGUAGE_STANDARD = "gnu++20";
				CLANG_ENABLE_MODULES = YES;
				CLANG_ENABLE_OBJC_ARC = YES;
				CLANG_ENABLE_OBJC_WEAK = YES;
				CLANG_WARN_BLOCK_CAPTURE_AUTORELEASING = YES;
				CLANG_WARN_BOOL_CONVERSION = YES;
				CLANG_WARN_COMMA = YES;
				CLANG_WARN_CONSTANT_CONVERSION = YES;
				CLANG_WARN_DEPRECATED_OBJC_IMPLEMENTATIONS = YES;
				CLANG_WARN_DIRECT_OBJC_ISA_USAGE = YES_ERROR;
				CLANG_WARN_DOCUMENTATION_COMMENTS = YES;
				CLANG_WARN_EMPTY_BODY = YES;
				CLANG_WARN_ENUM_CONVERSION = YES;
				CLANG_WARN_INFINITE_RECURSION = YES;
				CLANG_WARN_INT_CONVERSION = YES;
				CLANG_WARN_NON_LITERAL_NULL_CONVERSION = YES;
				CLANG_WARN_OBJC_IMPLICIT_RETAIN_SELF = YES;
				CLANG_WARN_OBJC_LITERAL_CONVERSION = YES;
				CLANG_WARN_OBJC_ROOT_CLASS = YES_ERROR;
				CLANG_WARN_QUOTED_INCLUDE_IN_FRAMEWORK_HEADER = YES;
				CLANG_WARN_RANGE_LOOP_ANALYSIS = YES;
				CLANG_WARN_STRICT_PROTOTYPES = YES;
				CLANG_WARN_SUSPICIOUS_MOVE = YES;
				CLANG_WARN_UNGUARDED_AVAILABILITY = YES_AGGRESSIVE;
				CLANG_WARN_UNREACHABLE_CODE = YES;
				CLANG_WARN__DUPLICATE_METHOD_MATCH = YES;
				COPY_PHASE_STRIP = NO;
				DEBUG_INFORMATION_FORMAT = dwarf;
				ENABLE_STRICT_OBJC_MSGSEND = YES;
				ENABLE_TESTABILITY = YES;
				ENABLE_USER_SCRIPT_SANDBOXING = YES;
				GCC_C_LANGUAGE_STANDARD = gnu17;
				GCC_DYNAMIC_NO_PIC = NO;
				GCC_NO_COMMON_BLOCKS = YES;
				GCC_OPTIMIZATION_LEVEL = 0;
				GCC_PREPROCESSOR_DEFINITIONS = (
					"DEBUG=1",
					"$(inherited)",
				);
				GCC_WARN_64_TO_32_BIT_CONVERSION = YES;
				GCC_WARN_ABOUT_RETURN_TYPE = YES_ERROR;
				GCC_WARN_UNDECLARED_SELECTOR = YES;
				GCC_WARN_UNINITIALIZED_AUTOS = YES_AGGRESSIVE;
				GCC_WARN_UNUSED_FUNCTION = YES;
				GCC_WARN_UNUSED_VARIABLE = YES;
				IPHONEOS_DEPLOYMENT_TARGET = 13.2;
				LOCALIZATION_PREFERS_STRING_CATALOGS = YES;
				MTL_ENABLE_DEBUG_INFO = INCLUDE_SOURCE;
				MTL_FAST_MATH = YES;
				ONLY_ACTIVE_ARCH = YES;
				SDKROOT = iphoneos;
				SUPPORTS_MACCATALYST = NO;
				SWIFT_ACTIVE_COMPILATION_CONDITIONS = "DEBUG $(inherited)";
				SWIFT_OPTIMIZATION_LEVEL = "-Onone";
			};
			name = Debug;
		};
		114E60482F42293700A7770F /* Release */ = {
			isa = XCBuildConfiguration;
			buildSettings = {
				ALWAYS_SEARCH_USER_PATHS = NO;
				ASSETCATALOG_COMPILER_GENERATE_SWIFT_ASSET_SYMBOL_EXTENSIONS = YES;
				CLANG_ANALYZER_NONNULL = YES;
				CLANG_ANALYZER_NUMBER_OBJECT_CONVERSION = YES_AGGRESSIVE;
				CLANG_CXX_LANGUAGE_STANDARD = "gnu++20";
				CLANG_ENABLE_MODULES = YES;
				CLANG_ENABLE_OBJC_ARC = YES;
				CLANG_ENABLE_OBJC_WEAK = YES;
				CLANG_WARN_BLOCK_CAPTURE_AUTORELEASING = YES;
				CLANG_WARN_BOOL_CONVERSION = YES;
				CLANG_WARN_COMMA = YES;
				CLANG_WARN_CONSTANT_CONVERSION = YES;
				CLANG_WARN_DEPRECATED_OBJC_IMPLEMENTATIONS = YES;
				CLANG_WARN_DIRECT_OBJC_ISA_USAGE = YES_ERROR;
				CLANG_WARN_DOCUMENTATION_COMMENTS = YES;
				CLANG_WARN_EMPTY_BODY = YES;
				CLANG_WARN_ENUM_CONVERSION = YES;
				CLANG_WARN_INFINITE_RECURSION = YES;
				CLANG_WARN_INT_CONVERSION = YES;
				CLANG_WARN_NON_LITERAL_NULL_CONVERSION = YES;
				CLANG_WARN_OBJC_IMPLICIT_RETAIN_SELF = YES;
				CLANG_WARN_OBJC_LITERAL_CONVERSION = YES;
				CLANG_WARN_OBJC_ROOT_CLASS = YES_ERROR;
				CLANG_WARN_QUOTED_INCLUDE_IN_FRAMEWORK_HEADER = YES;
				CLANG_WARN_RANGE_LOOP_ANALYSIS = YES;
				CLANG_WARN_STRICT_PROTOTYPES = YES;
				CLANG_WARN_SUSPICIOUS_MOVE = YES;
				CLANG_WARN_UNGUARDED_AVAILABILITY = YES_AGGRESSIVE;
				CLANG_WARN_UNREACHABLE_CODE = YES;
				CLANG_WARN__DUPLICATE_METHOD_MATCH = YES;
				COPY_PHASE_STRIP = NO;
				DEBUG_INFORMATION_FORMAT = "dwarf-with-dsym";
				ENABLE_NS_ASSERTIONS = NO;
				ENABLE_STRICT_OBJC_MSGSEND = YES;
				ENABLE_USER_SCRIPT_SANDBOXING = YES;
				GCC_C_LANGUAGE_STANDARD = gnu17;
				GCC_NO_COMMON_BLOCKS = YES;
				GCC_WARN_64_TO_32_BIT_CONVERSION = YES;
				GCC_WARN_ABOUT_RETURN_TYPE = YES_ERROR;
				GCC_WARN_UNDECLARED_SELECTOR = YES;
				GCC_WARN_UNINITIALIZED_AUTOS = YES_AGGRESSIVE;
				GCC_WARN_UNUSED_FUNCTION = YES;
				GCC_WARN_UNUSED_VARIABLE = YES;
				IPHONEOS_DEPLOYMENT_TARGET = 13.2;
				LOCALIZATION_PREFERS_STRING_CATALOGS = YES;
				MTL_ENABLE_DEBUG_INFO = NO;
				MTL_FAST_MATH = YES;
				SDKROOT = iphoneos;
				SUPPORTS_MACCATALYST = NO;
				SWIFT_COMPILATION_MODE = wholemodule;
				VALIDATE_PRODUCT = YES;
			};
			name = Release;
		};
		114E604A2F42293700A7770F /* Debug */ = {
			isa = XCBuildConfiguration;
			buildSettings = {
				CLANG_ENABLE_MODULES = YES;
				CODE_SIGN_STYLE = Automatic;
				DEFINES_MODULE = YES;
				DEVELOPMENT_TEAM = 3Q8F29C4F5;
				IPHONEOS_DEPLOYMENT_TARGET = 13.2;
				OTHER_LDFLAGS = "-ObjC";
				PRODUCT_NAME = "$(TARGET_NAME)";
				SKIP_INSTALL = YES;
				SWIFT_OPTIMIZATION_LEVEL = "-Onone";
				SWIFT_VERSION = 5.0;
				TARGETED_DEVICE_FAMILY = "1,2";
			};
			name = Debug;
		};
		114E604B2F42293700A7770F /* Release */ = {
			isa = XCBuildConfiguration;
			buildSettings = {
				CLANG_ENABLE_MODULES = YES;
				CODE_SIGN_STYLE = Automatic;
				DEFINES_MODULE = YES;
				DEVELOPMENT_TEAM = 3Q8F29C4F5;
				IPHONEOS_DEPLOYMENT_TARGET = 13.2;
				OTHER_LDFLAGS = "-ObjC";
				PRODUCT_NAME = "$(TARGET_NAME)";
				SKIP_INSTALL = YES;
				SWIFT_VERSION = 5.0;
				TARGETED_DEVICE_FAMILY = "1,2";
			};
			name = Release;
		};
/* End XCBuildConfiguration section */

/* Begin XCConfigurationList section */
		114E603D2F42293700A7770F /* Build configuration list for PBXProject "FinexaViewsIos" */ = {
			isa = XCConfigurationList;
			buildConfigurations = (
				114E60472F42293700A7770F /* Debug */,
				114E60482F42293700A7770F /* Release */,
			);
			defaultConfigurationIsVisible = 0;
			defaultConfigurationName = Release;
		};
		114E60492F42293700A7770F /* Build configuration list for PBXNativeTarget "FinexaViewsIos" */ = {
			isa = XCConfigurationList;
			buildConfigurations = (
				114E604A2F42293700A7770F /* Debug */,
				114E604B2F42293700A7770F /* Release */,
			);
			defaultConfigurationIsVisible = 0;
			defaultConfigurationName = Release;
		};
/* End XCConfigurationList section */
	};
	rootObject = 114E603A2F42293700A7770F /* Project object */;
}
