// !$*UTF8*$!
{
	archiveVersion = 1;
	classes = {
	};
	objectVersion = 56;
	objects = {

/* Begin PBXBuildFile section */
		11152E8C2F44FAAA00DF271E /* DcDataAccess.framework in Frameworks */ = {isa = PBXBuildFile; fileRef = 11152E8B2F44FAAA00DF271E /* DcDataAccess.framework */; };
		11152E982F44FAFF00DF271E /* DatabaseInitializer.h in Headers */ = {isa = PBXBuildFile; fileRef = 11152E8D2F44FAFF00DF271E /* DatabaseInitializer.h */; };
		11152E992F44FAFF00DF271E /* MonedaRepository.h in Headers */ = {isa = PBXBuildFile; fileRef = 11152E8E2F44FAFF00DF271E /* MonedaRepository.h */; };
		11152E9A2F44FAFF00DF271E /* OperacionRepository.h in Headers */ = {isa = PBXBuildFile; fileRef = 11152E8F2F44FAFF00DF271E /* OperacionRepository.h */; };
		11152E9B2F44FAFF00DF271E /* TasaRepository.h in Headers */ = {isa = PBXBuildFile; fileRef = 11152E902F44FAFF00DF271E /* TasaRepository.h */; };
		11152E9C2F44FAFF00DF271E /* DatabaseInitializer.cpp in Sources */ = {isa = PBXBuildFile; fileRef = 11152E922F44FAFF00DF271E /* DatabaseInitializer.cpp */; };
		11152E9D2F44FAFF00DF271E /* MonedaRepository.cpp in Sources */ = {isa = PBXBuildFile; fileRef = 11152E932F44FAFF00DF271E /* MonedaRepository.cpp */; };
		11152E9E2F44FAFF00DF271E /* OperacionRepository.cpp in Sources */ = {isa = PBXBuildFile; fileRef = 11152E942F44FAFF00DF271E /* OperacionRepository.cpp */; };
		11152E9F2F44FAFF00DF271E /* TasaRepository.cpp in Sources */ = {isa = PBXBuildFile; fileRef = 11152E952F44FAFF00DF271E /* TasaRepository.cpp */; };
		112A4EEE2F3015C600A6CF06 /* CalculadoraCore.h in Headers */ = {isa = PBXBuildFile; fileRef = 112A4EE32F3015C600A6CF06 /* CalculadoraCore.h */; };
		112A4EEF2F3015C600A6CF06 /* Moneda.h in Headers */ = {isa = PBXBuildFile; fileRef = 112A4EE42F3015C600A6CF06 /* Moneda.h */; };
		112A4EF02F3015C600A6CF06 /* Operacion.h in Headers */ = {isa = PBXBuildFile; fileRef = 112A4EE52F3015C600A6CF06 /* Operacion.h */; };
		112A4EF12F3015C600A6CF06 /* TasaDeCambio.h in Headers */ = {isa = PBXBuildFile; fileRef = 112A4EE62F3015C600A6CF06 /* TasaDeCambio.h */; };
		112A4EF22F3015C600A6CF06 /* CalculadoraCore.cpp in Sources */ = {isa = PBXBuildFile; fileRef = 112A4EE82F3015C600A6CF06 /* CalculadoraCore.cpp */; };
		112A4EF32F3015C600A6CF06 /* Moneda.cpp in Sources */ = {isa = PBXBuildFile; fileRef = 112A4EE92F3015C600A6CF06 /* Moneda.cpp */; };
		112A4EF42F3015C600A6CF06 /* Operacion.cpp in Sources */ = {isa = PBXBuildFile; fileRef = 112A4EEA2F3015C600A6CF06 /* Operacion.cpp */; };
		112A4EF52F3015C600A6CF06 /* TasaDeCambio.cpp in Sources */ = {isa = PBXBuildFile; fileRef = 112A4EEB2F3015C600A6CF06 /* TasaDeCambio.cpp */; };
		112A4F072F3015FE00A6CF06 /* DcViewModels.framework in Frameworks */ = {isa = PBXBuildFile; fileRef = 112A4F062F3015FE00A6CF06 /* DcViewModels.framework */; };
		11B72BB62F426AA600FDA36A /* MonedasViewModel.hpp in Headers */ = {isa = PBXBuildFile; fileRef = 11B72BB52F426AA600FDA36A /* MonedasViewModel.hpp */; };
		11B72BB82F426AAE00FDA36A /* MonedasViewModel.cpp in Sources */ = {isa = PBXBuildFile; fileRef = 11B72BB72F426AAE00FDA36A /* MonedasViewModel.cpp */; };
		11B72BBA2F427BBA00FDA36A /* FinexaViewModels.h in Headers */ = {isa = PBXBuildFile; fileRef = 11B72BB92F427BBA00FDA36A /* FinexaViewModels.h */; };
		11B72BCB2F42960700FDA36A /* TasasViewModel.h in Headers */ = {isa = PBXBuildFile; fileRef = 11B72BCA2F42960700FDA36A /* TasasViewModel.h */; };
		11B72BCD2F42961800FDA36A /* TasasViewModel.cpp in Sources */ = {isa = PBXBuildFile; fileRef = 11B72BCC2F42961700FDA36A /* TasasViewModel.cpp */; };
		11B72BDD2F42B5DC00FDA36A /* OperacionesViewModel.h in Headers */ = {isa = PBXBuildFile; fileRef = 11B72BDC2F42B5DC00FDA36A /* OperacionesViewModel.h */; };
		11B72BDF2F42B5E900FDA36A /* OperacionesViewModel.cpp in Sources */ = {isa = PBXBuildFile; fileRef = 11B72BDE2F42B5E800FDA36A /* OperacionesViewModel.cpp */; };
/* End PBXBuildFile section */

/* Begin PBXFileReference section */
		11152E8B2F44FAAA00DF271E /* DcDataAccess.framework */ = {isa = PBXFileReference; explicitFileType = wrapper.framework; path = DcDataAccess.framework; sourceTree = BUILT_PRODUCTS_DIR; };
		11152E8D2F44FAFF00DF271E /* DatabaseInitializer.h */ = {isa = PBXFileReference; fileEncoding = 4; lastKnownFileType = sourcecode.c.h; path = DatabaseInitializer.h; sourceTree = "<group>"; };
		11152E8E2F44FAFF00DF271E /* MonedaRepository.h */ = {isa = PBXFileReference; fileEncoding = 4; lastKnownFileType = sourcecode.c.h; path = MonedaRepository.h; sourceTree = "<group>"; };
		11152E8F2F44FAFF00DF271E /* OperacionRepository.h */ = {isa = PBXFileReference; fileEncoding = 4; lastKnownFileType = sourcecode.c.h; path = OperacionRepository.h; sourceTree = "<group>"; };
		11152E902F44FAFF00DF271E /* TasaRepository.h */ = {isa = PBXFileReference; fileEncoding = 4; lastKnownFileType = sourcecode.c.h; path = TasaRepository.h; sourceTree = "<group>"; };
		11152E922F44FAFF00DF271E /* DatabaseInitializer.cpp */ = {isa = PBXFileReference; fileEncoding = 4; lastKnownFileType = sourcecode.cpp.cpp; path = DatabaseInitializer.cpp; sourceTree = "<group>"; };
		11152E932F44FAFF00DF271E /* MonedaRepository.cpp */ = {isa = PBXFileReference; fileEncoding = 4; lastKnownFileType = sourcecode.cpp.cpp; path = MonedaRepository.cpp; sourceTree = "<group>"; };
		11152E942F44FAFF00DF271E /* OperacionRepository.cpp */ = {isa = PBXFileReference; fileEncoding = 4; lastKnownFileType = sourcecode.cpp.cpp; path = OperacionRepository.cpp; sourceTree = "<group>"; };
		11152E952F44FAFF00DF271E /* TasaRepository.cpp */ = {isa = PBXFileReference; fileEncoding = 4; lastKnownFileType = sourcecode.cpp.cpp; path = TasaRepository.cpp; sourceTree = "<group>"; };
		112A4EDC2F300C2800A6CF06 /* libFinexaCommonApple.a */ = {isa = PBXFileReference; explicitFileType = archive.ar; includeInIndex = 0; path = libFinexaCommonApple.a; sourceTree = BUILT_PRODUCTS_DIR; };
		112A4EE32F3015C600A6CF06 /* CalculadoraCore.h */ = {isa = PBXFileReference; fileEncoding = 4; lastKnownFileType = sourcecode.c.h; path = CalculadoraCore.h; sourceTree = "<group>"; };
		112A4EE42F3015C600A6CF06 /* Moneda.h */ = {isa = PBXFileReference; fileEncoding = 4; lastKnownFileType = sourcecode.c.h; path = Moneda.h; sourceTree = "<group>"; };
		112A4EE52F3015C600A6CF06 /* Operacion.h */ = {isa = PBXFileReference; fileEncoding = 4; lastKnownFileType = sourcecode.c.h; path = Operacion.h; sourceTree = "<group>"; };
		112A4EE62F3015C600A6CF06 /* TasaDeCambio.h */ = {isa = PBXFileReference; fileEncoding = 4; lastKnownFileType = sourcecode.c.h; path = TasaDeCambio.h; sourceTree = "<group>"; };
		112A4EE82F3015C600A6CF06 /* CalculadoraCore.cpp */ = {isa = PBXFileReference; fileEncoding = 4; lastKnownFileType = sourcecode.cpp.cpp; path = CalculadoraCore.cpp; sourceTree = "<group>"; };
		112A4EE92F3015C600A6CF06 /* Moneda.cpp */ = {isa = PBXFileReference; fileEncoding = 4; lastKnownFileType = sourcecode.cpp.cpp; path = Moneda.cpp; sourceTree = "<group>"; };
		112A4EEA2F3015C600A6CF06 /* Operacion.cpp */ = {isa = PBXFileReference; fileEncoding = 4; lastKnownFileType = sourcecode.cpp.cpp; path = Operacion.cpp; sourceTree = "<group>"; };
		112A4EEB2F3015C600A6CF06 /* TasaDeCambio.cpp */ = {isa = PBXFileReference; fileEncoding = 4; lastKnownFileType = sourcecode.cpp.cpp; path = TasaDeCambio.cpp; sourceTree = "<group>"; };
		112A4F062F3015FE00A6CF06 /* DcViewModels.framework */ = {isa = PBXFileReference; lastKnownFileType = wrapper.framework; name = DcViewModels.framework; path = ../../../../Distribution/DcViewModels/Apple/Release/DcViewModels.framework; sourceTree = "<group>"; };
		11B72BB52F426AA600FDA36A /* MonedasViewModel.hpp */ = {isa = PBXFileReference; fileEncoding = 4; lastKnownFileType = sourcecode.cpp.h; path = MonedasViewModel.hpp; sourceTree = "<group>"; };
		11B72BB72F426AAE00FDA36A /* MonedasViewModel.cpp */ = {isa = PBXFileReference; fileEncoding = 4; lastKnownFileType = sourcecode.cpp.cpp; path = MonedasViewModel.cpp; sourceTree = "<group>"; };
		11B72BB92F427BBA00FDA36A /* FinexaViewModels.h */ = {isa = PBXFileReference; fileEncoding = 4; lastKnownFileType = sourcecode.c.h; path = FinexaViewModels.h; sourceTree = "<group>"; };
		11B72BCA2F42960700FDA36A /* TasasViewModel.h */ = {isa = PBXFileReference; fileEncoding = 4; lastKnownFileType = sourcecode.c.h; path = TasasViewModel.h; sourceTree = "<group>"; };
		11B72BCC2F42961700FDA36A /* TasasViewModel.cpp */ = {isa = PBXFileReference; fileEncoding = 4; lastKnownFileType = sourcecode.cpp.cpp; path = TasasViewModel.cpp; sourceTree = "<group>"; };
		11B72BDC2F42B5DC00FDA36A /* OperacionesViewModel.h */ = {isa = PBXFileReference; fileEncoding = 4; lastKnownFileType = sourcecode.c.h; path = OperacionesViewModel.h; sourceTree = "<group>"; };
		11B72BDE2F42B5E800FDA36A /* OperacionesViewModel.cpp */ = {isa = PBXFileReference; fileEncoding = 4; lastKnownFileType = sourcecode.cpp.cpp; path = OperacionesViewModel.cpp; sourceTree = "<group>"; };
/* End PBXFileReference section */

/* Begin PBXFrameworksBuildPhase section */
		112A4EDA2F300C2800A6CF06 /* Frameworks */ = {
			isa = PBXFrameworksBuildPhase;
			buildActionMask = 2147483647;
			files = (
				112A4F072F3015FE00A6CF06 /* DcViewModels.framework in Frameworks */,
				11152E8C2F44FAAA00DF271E /* DcDataAccess.framework in Frameworks */,
			);
			runOnlyForDeploymentPostprocessing = 0;
		};
/* End PBXFrameworksBuildPhase section */

/* Begin PBXGroup section */
		11152E912F44FAFF00DF271E /* include */ = {
			isa = PBXGroup;
			children = (
				11152E8D2F44FAFF00DF271E /* DatabaseInitializer.h */,
				11152E8E2F44FAFF00DF271E /* MonedaRepository.h */,
				11152E8F2F44FAFF00DF271E /* OperacionRepository.h */,
				11152E902F44FAFF00DF271E /* TasaRepository.h */,
			);
			path = include;
			sourceTree = "<group>";
		};
		11152E962F44FAFF00DF271E /* src */ = {
			isa = PBXGroup;
			children = (
				11152E922F44FAFF00DF271E /* DatabaseInitializer.cpp */,
				11152E932F44FAFF00DF271E /* MonedaRepository.cpp */,
				11152E942F44FAFF00DF271E /* OperacionRepository.cpp */,
				11152E952F44FAFF00DF271E /* TasaRepository.cpp */,
			);
			path = src;
			sourceTree = "<group>";
		};
		11152E972F44FAFF00DF271E /* Data */ = {
			isa = PBXGroup;
			children = (
				11152E912F44FAFF00DF271E /* include */,
				11152E962F44FAFF00DF271E /* src */,
			);
			name = Data;
			path = ../../Data;
			sourceTree = "<group>";
		};
		112A4ED32F300C2800A6CF06 = {
			isa = PBXGroup;
			children = (
				11152E972F44FAFF00DF271E /* Data */,
				112A4EED2F3015C600A6CF06 /* Core */,
				112A4EFE2F3015D000A6CF06 /* ViewModels */,
				112A4EDD2F300C2800A6CF06 /* Products */,
				112A4F052F3015FE00A6CF06 /* Frameworks */,
			);
			sourceTree = "<group>";
		};
		112A4EDD2F300C2800A6CF06 /* Products */ = {
			isa = PBXGroup;
			children = (
				112A4EDC2F300C2800A6CF06 /* libFinexaCommonApple.a */,
			);
			name = Products;
			sourceTree = "<group>";
		};
		112A4EE72F3015C600A6CF06 /* include */ = {
			isa = PBXGroup;
			children = (
				112A4EE32F3015C600A6CF06 /* CalculadoraCore.h */,
				112A4EE42F3015C600A6CF06 /* Moneda.h */,
				112A4EE52F3015C600A6CF06 /* Operacion.h */,
				112A4EE62F3015C600A6CF06 /* TasaDeCambio.h */,
			);
			path = include;
			sourceTree = "<group>";
		};
		112A4EEC2F3015C600A6CF06 /* src */ = {
			isa = PBXGroup;
			children = (
				112A4EE82F3015C600A6CF06 /* CalculadoraCore.cpp */,
				112A4EE92F3015C600A6CF06 /* Moneda.cpp */,
				112A4EEA2F3015C600A6CF06 /* Operacion.cpp */,
				112A4EEB2F3015C600A6CF06 /* TasaDeCambio.cpp */,
			);
			path = src;
			sourceTree = "<group>";
		};
		112A4EED2F3015C600A6CF06 /* Core */ = {
			isa = PBXGroup;
			children = (
				112A4EE72F3015C600A6CF06 /* include */,
				112A4EEC2F3015C600A6CF06 /* src */,
			);
			name = Core;
			path = ../../Core;
			sourceTree = "<group>";
		};
		112A4EF92F3015D000A6CF06 /* include */ = {
			isa = PBXGroup;
			children = (
				11B72BDC2F42B5DC00FDA36A /* OperacionesViewModel.h */,
				11B72BCA2F42960700FDA36A /* TasasViewModel.h */,
				11B72BB92F427BBA00FDA36A /* FinexaViewModels.h */,
				11B72BB52F426AA600FDA36A /* MonedasViewModel.hpp */,
			);
			path = include;
			sourceTree = "<group>";
		};
		112A4EFD2F3015D000A6CF06 /* src */ = {
			isa = PBXGroup;
			children = (
				11B72BDE2F42B5E800FDA36A /* OperacionesViewModel.cpp */,
				11B72BCC2F42961700FDA36A /* TasasViewModel.cpp */,
				11B72BB72F426AAE00FDA36A /* MonedasViewModel.cpp */,
			);
			path = src;
			sourceTree = "<group>";
		};
		112A4EFE2F3015D000A6CF06 /* ViewModels */ = {
			isa = PBXGroup;
			children = (
				112A4EF92F3015D000A6CF06 /* include */,
				112A4EFD2F3015D000A6CF06 /* src */,
			);
			name = ViewModels;
			path = ../../ViewModels;
			sourceTree = "<group>";
		};
		112A4F052F3015FE00A6CF06 /* Frameworks */ = {
			isa = PBXGroup;
			children = (
				11152E8B2F44FAAA00DF271E /* DcDataAccess.framework */,
				112A4F062F3015FE00A6CF06 /* DcViewModels.framework */,
			);
			name = Frameworks;
			sourceTree = "<group>";
		};
/* End PBXGroup section */

/* Begin PBXHeadersBuildPhase section */
		112A4ED82F300C2800A6CF06 /* Headers */ = {
			isa = PBXHeadersBuildPhase;
			buildActionMask = 2147483647;
			files = (
				11152E992F44FAFF00DF271E /* MonedaRepository.h in Headers */,
				11B72BDD2F42B5DC00FDA36A /* OperacionesViewModel.h in Headers */,
				112A4EF02F3015C600A6CF06 /* Operacion.h in Headers */,
				11152E9B2F44FAFF00DF271E /* TasaRepository.h in Headers */,
				112A4EF12F3015C600A6CF06 /* TasaDeCambio.h in Headers */,
				11B72BBA2F427BBA00FDA36A /* FinexaViewModels.h in Headers */,
				112A4EEF2F3015C600A6CF06 /* Moneda.h in Headers */,
				11152E9A2F44FAFF00DF271E /* OperacionRepository.h in Headers */,
				112A4EEE2F3015C600A6CF06 /* CalculadoraCore.h in Headers */,
				11B72BB62F426AA600FDA36A /* MonedasViewModel.hpp in Headers */,
				11B72BCB2F42960700FDA36A /* TasasViewModel.h in Headers */,
				11152E982F44FAFF00DF271E /* DatabaseInitializer.h in Headers */,
			);
			runOnlyForDeploymentPostprocessing = 0;
		};
/* End PBXHeadersBuildPhase section */

/* Begin PBXNativeTarget section */
		112A4EDB2F300C2800A6CF06 /* FinexaCommonApple */ = {
			isa = PBXNativeTarget;
			buildConfigurationList = 112A4EE02F300C2800A6CF06 /* Build configuration list for PBXNativeTarget "FinexaCommonApple" */;
			buildPhases = (
				112A4ED82F300C2800A6CF06 /* Headers */,
				112A4ED92F300C2800A6CF06 /* Sources */,
				112A4EDA2F300C2800A6CF06 /* Frameworks */,
			);
			buildRules = (
			);
			dependencies = (
			);
			name = FinexaCommonApple;
			productName = FinexaCommonApple;
			productReference = 112A4EDC2F300C2800A6CF06 /* libFinexaCommonApple.a */;
			productType = "com.apple.product-type.library.static";
		};
/* End PBXNativeTarget section */

/* Begin PBXProject section */
		112A4ED42F300C2800A6CF06 /* Project object */ = {
			isa = PBXProject;
			attributes = {
				BuildIndependentTargetsInParallel = 1;
				LastUpgradeCheck = 1540;
				TargetAttributes = {
					112A4EDB2F300C2800A6CF06 = {
						CreatedOnToolsVersion = 15.4;
					};
				};
			};
			buildConfigurationList = 112A4ED72F300C2800A6CF06 /* Build configuration list for PBXProject "FinexaCommonApple" */;
			compatibilityVersion = "Xcode 14.0";
			developmentRegion = en;
			hasScannedForEncodings = 0;
			knownRegions = (
				en,
				Base,
			);
			mainGroup = 112A4ED32F300C2800A6CF06;
			productRefGroup = 112A4EDD2F300C2800A6CF06 /* Products */;
			projectDirPath = "";
			projectRoot = "";
			targets = (
				112A4EDB2F300C2800A6CF06 /* FinexaCommonApple */,
			);
		};
/* End PBXProject section */

/* Begin PBXSourcesBuildPhase section */
		112A4ED92F300C2800A6CF06 /* Sources */ = {
			isa = PBXSourcesBuildPhase;
			buildActionMask = 2147483647;
			files = (
				11152E9F2F44FAFF00DF271E /* TasaRepository.cpp in Sources */,
				112A4EF42F3015C600A6CF06 /* Operacion.cpp in Sources */,
				11152E9C2F44FAFF00DF271E /* DatabaseInitializer.cpp in Sources */,
				11152E9E2F44FAFF00DF271E /* OperacionRepository.cpp in Sources */,
				11B72BCD2F42961800FDA36A /* TasasViewModel.cpp in Sources */,
				112A4EF22F3015C600A6CF06 /* CalculadoraCore.cpp in Sources */,
				112A4EF52F3015C600A6CF06 /* TasaDeCambio.cpp in Sources */,
				11B72BDF2F42B5E900FDA36A /* OperacionesViewModel.cpp in Sources */,
				11B72BB82F426AAE00FDA36A /* MonedasViewModel.cpp in Sources */,
				11152E9D2F44FAFF00DF271E /* MonedaRepository.cpp in Sources */,
				112A4EF32F3015C600A6CF06 /* Moneda.cpp in Sources */,
			);
			runOnlyForDeploymentPostprocessing = 0;
		};
/* End PBXSourcesBuildPhase section */

/* Begin XCBuildConfiguration section */
		112A4EDE2F300C2800A6CF06 /* Debug */ = {
			isa = XCBuildConfiguration;
			buildSettings = {
				ALWAYS_SEARCH_USER_PATHS = NO;
				ASSETCATALOG_COMPILER_GENERATE_SWIFT_ASSET_SYMBOL_EXTENSIONS = YES;
				CLANG_ANALYZER_NONNULL = YES;
				CLANG_ANALYZER_NUMBER_OBJECT_CONVERSION = YES_AGGRESSIVE;
				CLANG_CXX_LANGUAGE_STANDARD = "gnu++20";
				CLANG_ENABLE_MODULES = YES;
				CLANG_ENABLE_OBJC_ARC = YES;
				CLANG_ENABLE_OBJC_WEAK = YES;
				CLANG_WARN_BLOCK_CAPTURE_AUTORELEASING = YES;
				CLANG_WARN_BOOL_CONVERSION = YES;
				CLANG_WARN_COMMA = YES;
				CLANG_WARN_CONSTANT_CONVERSION = YES;
				CLANG_WARN_DEPRECATED_OBJC_IMPLEMENTATIONS = YES;
				CLANG_WARN_DIRECT_OBJC_ISA_USAGE = YES_ERROR;
				CLANG_WARN_DOCUMENTATION_COMMENTS = YES;
				CLANG_WARN_EMPTY_BODY = YES;
				CLANG_WARN_ENUM_CONVERSION = YES;
				CLANG_WARN_INFINITE_RECURSION = YES;
				CLANG_WARN_INT_CONVERSION = YES;
				CLANG_WARN_NON_LITERAL_NULL_CONVERSION = YES;
				CLANG_WARN_OBJC_IMPLICIT_RETAIN_SELF = YES;
				CLANG_WARN_OBJC_LITERAL_CONVERSION = YES;
				CLANG_WARN_OBJC_ROOT_CLASS = YES_ERROR;
				CLANG_WARN_QUOTED_INCLUDE_IN_FRAMEWORK_HEADER = YES;
				CLANG_WARN_RANGE_LOOP_ANALYSIS = YES;
				CLANG_WARN_STRICT_PROTOTYPES = YES;
				CLANG_WARN_SUSPICIOUS_MOVE = YES;
				CLANG_WARN_UNGUARDED_AVAILABILITY = YES_AGGRESSIVE;
				CLANG_WARN_UNREACHABLE_CODE = YES;
				CLANG_WARN__DUPLICATE_METHOD_MATCH = YES;
				COPY_PHASE_STRIP = NO;
				DEBUG_INFORMATION_FORMAT = dwarf;
				ENABLE_STRICT_OBJC_MSGSEND = YES;
				ENABLE_TESTABILITY = YES;
				ENABLE_USER_SCRIPT_SANDBOXING = YES;
				GCC_C_LANGUAGE_STANDARD = gnu17;
				GCC_DYNAMIC_NO_PIC = NO;
				GCC_NO_COMMON_BLOCKS = YES;
				GCC_OPTIMIZATION_LEVEL = 0;
				GCC_PREPROCESSOR_DEFINITIONS = (
					"DEBUG=1",
					"$(inherited)",
				);
				GCC_WARN_64_TO_32_BIT_CONVERSION = YES;
				GCC_WARN_ABOUT_RETURN_TYPE = YES_ERROR;
				GCC_WARN_UNDECLARED_SELECTOR = YES;
				GCC_WARN_UNINITIALIZED_AUTOS = YES_AGGRESSIVE;
				GCC_WARN_UNUSED_FUNCTION = YES;
				GCC_WARN_UNUSED_VARIABLE = YES;
				IPHONEOS_DEPLOYMENT_TARGET = 13.2;
				LOCALIZATION_PREFERS_STRING_CATALOGS = YES;
				MACOSX_DEPLOYMENT_TARGET = 14.5;
				MTL_ENABLE_DEBUG_INFO = INCLUDE_SOURCE;
				MTL_FAST_MATH = YES;
				ONLY_ACTIVE_ARCH = YES;
				SDKROOT = iphoneos;
				SUPPORTED_PLATFORMS = "iphoneos iphonesimulator macosx";
				TARGETED_DEVICE_FAMILY = "1,2";
			};
			name = Debug;
		};
		112A4EDF2F300C2800A6CF06 /* Release */ = {
			isa = XCBuildConfiguration;
			buildSettings = {
				ALWAYS_SEARCH_USER_PATHS = NO;
				ASSETCATALOG_COMPILER_GENERATE_SWIFT_ASSET_SYMBOL_EXTENSIONS = YES;
				CLANG_ANALYZER_NONNULL = YES;
				CLANG_ANALYZER_NUMBER_OBJECT_CONVERSION = YES_AGGRESSIVE;
				CLANG_CXX_LANGUAGE_STANDARD = "gnu++20";
				CLANG_ENABLE_MODULES = YES;
				CLANG_ENABLE_OBJC_ARC = YES;
				CLANG_ENABLE_OBJC_WEAK = YES;
				CLANG_WARN_BLOCK_CAPTURE_AUTORELEASING = YES;
				CLANG_WARN_BOOL_CONVERSION = YES;
				CLANG_WARN_COMMA = YES;
				CLANG_WARN_CONSTANT_CONVERSION = YES;
				CLANG_WARN_DEPRECATED_OBJC_IMPLEMENTATIONS = YES;
				CLANG_WARN_DIRECT_OBJC_ISA_USAGE = YES_ERROR;
				CLANG_WARN_DOCUMENTATION_COMMENTS = YES;
				CLANG_WARN_EMPTY_BODY = YES;
				CLANG_WARN_ENUM_CONVERSION = YES;
				CLANG_WARN_INFINITE_RECURSION = YES;
				CLANG_WARN_INT_CONVERSION = YES;
				CLANG_WARN_NON_LITERAL_NULL_CONVERSION = YES;
				CLANG_WARN_OBJC_IMPLICIT_RETAIN_SELF = YES;
				CLANG_WARN_OBJC_LITERAL_CONVERSION = YES;
				CLANG_WARN_OBJC_ROOT_CLASS = YES_ERROR;
				CLANG_WARN_QUOTED_INCLUDE_IN_FRAMEWORK_HEADER = YES;
				CLANG_WARN_RANGE_LOOP_ANALYSIS = YES;
				CLANG_WARN_STRICT_PROTOTYPES = YES;
				CLANG_WARN_SUSPICIOUS_MOVE = YES;
				CLANG_WARN_UNGUARDED_AVAILABILITY = YES_AGGRESSIVE;
				CLANG_WARN_UNREACHABLE_CODE = YES;
				CLANG_WARN__DUPLICATE_METHOD_MATCH = YES;
				COPY_PHASE_STRIP = NO;
				DEBUG_INFORMATION_FORMAT = "dwarf-with-dsym";
				ENABLE_NS_ASSERTIONS = NO;
				ENABLE_STRICT_OBJC_MSGSEND = YES;
				ENABLE_USER_SCRIPT_SANDBOXING = YES;
				GCC_C_LANGUAGE_STANDARD = gnu17;
				GCC_NO_COMMON_BLOCKS = YES;
				GCC_WARN_64_TO_32_BIT_CONVERSION = YES;
				GCC_WARN_ABOUT_RETURN_TYPE = YES_ERROR;
				GCC_WARN_UNDECLARED_SELECTOR = YES;
				GCC_WARN_UNINITIALIZED_AUTOS = YES_AGGRESSIVE;
				GCC_WARN_UNUSED_FUNCTION = YES;
				GCC_WARN_UNUSED_VARIABLE = YES;
				IPHONEOS_DEPLOYMENT_TARGET = 13.2;
				LOCALIZATION_PREFERS_STRING_CATALOGS = YES;
				MACOSX_DEPLOYMENT_TARGET = 14.5;
				MTL_ENABLE_DEBUG_INFO = NO;
				MTL_FAST_MATH = YES;
				SDKROOT = iphoneos;
				SUPPORTED_PLATFORMS = "iphoneos iphonesimulator macosx";
				TARGETED_DEVICE_FAMILY = "1,2";
			};
			name = Release;
		};
		112A4EE12F300C2800A6CF06 /* Debug */ = {
			isa = XCBuildConfiguration;
			buildSettings = {
				CODE_SIGN_STYLE = Automatic;
				DEVELOPMENT_TEAM = 3Q8F29C4F5;
				EXECUTABLE_PREFIX = lib;
				HEADER_SEARCH_PATHS = (
					"\"$(SRCROOT)/../../../../DualComponents/DcViewModels/include/common\"",
					"\"$(SRCROOT)/../../../../DualComponents/DcViewModels/include/public_api/Core\"",
					"\"$(SRCROOT)/../../../../DualComponents/DcViewModels/include/public_api/UI\"",
					"\"$(SRCROOT)/../../../../DualComponents/DcDataAccess/Core/include\"",
					"\"$(SRCROOT)/../../../../DualComponents/DcDataAccess/Platform/SQLite/include\"",
					"\"$(SRCROOT)/../../Core/include\"",
					"\"$(SRCROOT)/../../ViewModels/include\"",
				);
				PRODUCT_NAME = "$(TARGET_NAME)";
				SKIP_INSTALL = YES;
			};
			name = Debug;
		};
		112A4EE22F300C2800A6CF06 /* Release */ = {
			isa = XCBuildConfiguration;
			buildSettings = {
				CODE_SIGN_STYLE = Automatic;
				DEVELOPMENT_TEAM = 3Q8F29C4F5;
				EXECUTABLE_PREFIX = lib;
				HEADER_SEARCH_PATHS = (
					"\"$(SRCROOT)/../../../../DualComponents/DcViewModels/include/common\"",
					"\"$(SRCROOT)/../../../../DualComponents/DcViewModels/include/public_api/Core\"",
					"\"$(SRCROOT)/../../../../DualComponents/DcViewModels/include/public_api/UI\"",
					"\"$(SRCROOT)/../../../../DualComponents/DcDataAccess/Core/include\"",
					"\"$(SRCROOT)/../../../../DualComponents/DcDataAccess/Platform/SQLite/include\"",
					"\"$(SRCROOT)/../../Core/include\"",
					"\"$(SRCROOT)/../../ViewModels/include\"",
				);
				PRODUCT_NAME = "$(TARGET_NAME)";
				SKIP_INSTALL = YES;
			};
			name = Release;
		};
/* End XCBuildConfiguration section */

/* Begin XCConfigurationList section */
		112A4ED72F300C2800A6CF06 /* Build configuration list for PBXProject "FinexaCommonApple" */ = {
			isa = XCConfigurationList;
			buildConfigurations = (
				112A4EDE2F300C2800A6CF06 /* Debug */,
				112A4EDF2F300C2800A6CF06 /* Release */,
			);
			defaultConfigurationIsVisible = 0;
			defaultConfigurationName = Release;
		};
		112A4EE02F300C2800A6CF06 /* Build configuration list for PBXNativeTarget "FinexaCommonApple" */ = {
			isa = XCConfigurationList;
			buildConfigurations = (
				112A4EE12F300C2800A6CF06 /* Debug */,
				112A4EE22F300C2800A6CF06 /* Release */,
			);
			defaultConfigurationIsVisible = 0;
			defaultConfigurationName = Release;
		};
/* End XCConfigurationList section */
	};
	rootObject = 112A4ED42F300C2800A6CF06 /* Project object */;
}
